github.com/secDre4mer/pkcs7 v0.0.0-20240322103146-665324a4461d h1:RQqyEogx5J6wPdoxqL132b100j8KjcVHO1c0KLRoIhc=
github.com/secDre4mer/pkcs7 v0.0.0-20240322103146-665324a4461d/go.mod h1:PegD7EVqlN88z7TpCqH92hHP+GBpfomGCCnw1PFtNOA=
golang.org/x/text v0.20.0 h1:gK/Kv2otX8gz+wn7Rmb3vT96ZwuoxnQlY+HlJVj7Qug=
golang.org/x/text v0.20.0/go.mod h1:D4IsuqiFMhST5bX19pQ9ikHC2GsaKyk/oF+pn3ducp4=
